
Microsoft Visual Studio Solution File, Format Version 12.00
# Visual Studio 14
VisualStudioVersion = 14.0.23107.0
MinimumVisualStudioVersion = 10.0.40219.1
Project("{FAE04EC0-301F-11D3-BF4B-00C04F79EFBC}") = "TODOAdaptiveUISample", "TODOAdaptiveUISample\TODOAdaptiveUISample.csproj", "{8BE1FC83-8AC2-41F0-BEDF-D4F4F53A1450}"
EndProject
Project("{FAE04EC0-301F-11D3-BF4B-00C04F79EFBC}") = "ToDoLibrary", "ToDoLibrary\ToDoLibrary.csproj", "{65BD20F1-4E5A-4AF4-B2ED-7EE89CB1D26F}"
EndProject
Project("{FAE04EC0-301F-11D3-BF4B-00C04F79EFBC}") = "ToDoVoiceService", "ToDoVoiceService\ToDoVoiceService.csproj", "{C83521F2-84C3-4898-A93F-8F54AA691A2F}"
EndProject
Project("{FAE04EC0-301F-11D3-BF4B-00C04F79EFBC}") = "NotificationTask", "NotificationTask\NotificationTask.csproj", "{CAF5314E-4494-4AD9-86BD-49E6CD4A886E}"
EndProject
Project("{FAE04EC0-301F-11D3-BF4B-00C04F79EFBC}") = "Notifier", "Notifier\Notifier.csproj", "{D454B729-8EDC-4E73-8414-7214F3289583}"
EndProject
Project("{2150E333-8FDC-42A3-9474-1A3956D46DE8}") = "App", "App", "{6FBBABAC-6898-4A2C-9551-D51E5EC8CD7D}"
EndProject
Project("{2150E333-8FDC-42A3-9474-1A3956D46DE8}") = "Notifications", "Notifications", "{884E54C7-9D88-486B-BF68-9CA65078863F}"
EndProject
Global
	GlobalSection(SolutionConfigurationPlatforms) = preSolution
		Debug|Any CPU = Debug|Any CPU
		Debug|ARM = Debug|ARM
		Debug|x64 = Debug|x64
		Debug|x86 = Debug|x86
		Release|Any CPU = Release|Any CPU
		Release|ARM = Release|ARM
		Release|x64 = Release|x64
		Release|x86 = Release|x86
	EndGlobalSection
	GlobalSection(ProjectConfigurationPlatforms) = postSolution
		{8BE1FC83-8AC2-41F0-BEDF-D4F4F53A1450}.Debug|Any CPU.ActiveCfg = Debug|x86
		{8BE1FC83-8AC2-41F0-BEDF-D4F4F53A1450}.Debug|ARM.ActiveCfg = Debug|ARM
		{8BE1FC83-8AC2-41F0-BEDF-D4F4F53A1450}.Debug|ARM.Build.0 = Debug|ARM
		{8BE1FC83-8AC2-41F0-BEDF-D4F4F53A1450}.Debug|ARM.Deploy.0 = Debug|ARM
		{8BE1FC83-8AC2-41F0-BEDF-D4F4F53A1450}.Debug|x64.ActiveCfg = Debug|x64
		{8BE1FC83-8AC2-41F0-BEDF-D4F4F53A1450}.Debug|x64.Build.0 = Debug|x64
		{8BE1FC83-8AC2-41F0-BEDF-D4F4F53A1450}.Debug|x64.Deploy.0 = Debug|x64
		{8BE1FC83-8AC2-41F0-BEDF-D4F4F53A1450}.Debug|x86.ActiveCfg = Debug|x86
		{8BE1FC83-8AC2-41F0-BEDF-D4F4F53A1450}.Debug|x86.Build.0 = Debug|x86
		{8BE1FC83-8AC2-41F0-BEDF-D4F4F53A1450}.Debug|x86.Deploy.0 = Debug|x86
		{8BE1FC83-8AC2-41F0-BEDF-D4F4F53A1450}.Release|Any CPU.ActiveCfg = Release|x86
		{8BE1FC83-8AC2-41F0-BEDF-D4F4F53A1450}.Release|ARM.ActiveCfg = Release|ARM
		{8BE1FC83-8AC2-41F0-BEDF-D4F4F53A1450}.Release|ARM.Build.0 = Release|ARM
		{8BE1FC83-8AC2-41F0-BEDF-D4F4F53A1450}.Release|ARM.Deploy.0 = Release|ARM
		{8BE1FC83-8AC2-41F0-BEDF-D4F4F53A1450}.Release|x64.ActiveCfg = Release|x64
		{8BE1FC83-8AC2-41F0-BEDF-D4F4F53A1450}.Release|x64.Build.0 = Release|x64
		{8BE1FC83-8AC2-41F0-BEDF-D4F4F53A1450}.Release|x64.Deploy.0 = Release|x64
		{8BE1FC83-8AC2-41F0-BEDF-D4F4F53A1450}.Release|x86.ActiveCfg = Release|x86
		{8BE1FC83-8AC2-41F0-BEDF-D4F4F53A1450}.Release|x86.Build.0 = Release|x86
		{8BE1FC83-8AC2-41F0-BEDF-D4F4F53A1450}.Release|x86.Deploy.0 = Release|x86
		{65BD20F1-4E5A-4AF4-B2ED-7EE89CB1D26F}.Debug|Any CPU.ActiveCfg = Debug|Any CPU
		{65BD20F1-4E5A-4AF4-B2ED-7EE89CB1D26F}.Debug|Any CPU.Build.0 = Debug|Any CPU
		{65BD20F1-4E5A-4AF4-B2ED-7EE89CB1D26F}.Debug|ARM.ActiveCfg = Debug|ARM
		{65BD20F1-4E5A-4AF4-B2ED-7EE89CB1D26F}.Debug|ARM.Build.0 = Debug|ARM
		{65BD20F1-4E5A-4AF4-B2ED-7EE89CB1D26F}.Debug|x64.ActiveCfg = Debug|x64
		{65BD20F1-4E5A-4AF4-B2ED-7EE89CB1D26F}.Debug|x64.Build.0 = Debug|x64
		{65BD20F1-4E5A-4AF4-B2ED-7EE89CB1D26F}.Debug|x86.ActiveCfg = Debug|x86
		{65BD20F1-4E5A-4AF4-B2ED-7EE89CB1D26F}.Debug|x86.Build.0 = Debug|x86
		{65BD20F1-4E5A-4AF4-B2ED-7EE89CB1D26F}.Release|Any CPU.ActiveCfg = Release|Any CPU
		{65BD20F1-4E5A-4AF4-B2ED-7EE89CB1D26F}.Release|Any CPU.Build.0 = Release|Any CPU
		{65BD20F1-4E5A-4AF4-B2ED-7EE89CB1D26F}.Release|ARM.ActiveCfg = Release|ARM
		{65BD20F1-4E5A-4AF4-B2ED-7EE89CB1D26F}.Release|ARM.Build.0 = Release|ARM
		{65BD20F1-4E5A-4AF4-B2ED-7EE89CB1D26F}.Release|x64.ActiveCfg = Release|x64
		{65BD20F1-4E5A-4AF4-B2ED-7EE89CB1D26F}.Release|x64.Build.0 = Release|x64
		{65BD20F1-4E5A-4AF4-B2ED-7EE89CB1D26F}.Release|x86.ActiveCfg = Release|x86
		{65BD20F1-4E5A-4AF4-B2ED-7EE89CB1D26F}.Release|x86.Build.0 = Release|x86
		{C83521F2-84C3-4898-A93F-8F54AA691A2F}.Debug|Any CPU.ActiveCfg = Debug|Any CPU
		{C83521F2-84C3-4898-A93F-8F54AA691A2F}.Debug|Any CPU.Build.0 = Debug|Any CPU
		{C83521F2-84C3-4898-A93F-8F54AA691A2F}.Debug|ARM.ActiveCfg = Debug|ARM
		{C83521F2-84C3-4898-A93F-8F54AA691A2F}.Debug|ARM.Build.0 = Debug|ARM
		{C83521F2-84C3-4898-A93F-8F54AA691A2F}.Debug|x64.ActiveCfg = Debug|x64
		{C83521F2-84C3-4898-A93F-8F54AA691A2F}.Debug|x64.Build.0 = Debug|x64
		{C83521F2-84C3-4898-A93F-8F54AA691A2F}.Debug|x86.ActiveCfg = Debug|x86
		{C83521F2-84C3-4898-A93F-8F54AA691A2F}.Debug|x86.Build.0 = Debug|x86
		{C83521F2-84C3-4898-A93F-8F54AA691A2F}.Release|Any CPU.ActiveCfg = Release|Any CPU
		{C83521F2-84C3-4898-A93F-8F54AA691A2F}.Release|Any CPU.Build.0 = Release|Any CPU
		{C83521F2-84C3-4898-A93F-8F54AA691A2F}.Release|ARM.ActiveCfg = Release|ARM
		{C83521F2-84C3-4898-A93F-8F54AA691A2F}.Release|ARM.Build.0 = Release|ARM
		{C83521F2-84C3-4898-A93F-8F54AA691A2F}.Release|x64.ActiveCfg = Release|x64
		{C83521F2-84C3-4898-A93F-8F54AA691A2F}.Release|x64.Build.0 = Release|x64
		{C83521F2-84C3-4898-A93F-8F54AA691A2F}.Release|x86.ActiveCfg = Release|x86
		{C83521F2-84C3-4898-A93F-8F54AA691A2F}.Release|x86.Build.0 = Release|x86
		{CAF5314E-4494-4AD9-86BD-49E6CD4A886E}.Debug|Any CPU.ActiveCfg = Debug|Any CPU
		{CAF5314E-4494-4AD9-86BD-49E6CD4A886E}.Debug|Any CPU.Build.0 = Debug|Any CPU
		{CAF5314E-4494-4AD9-86BD-49E6CD4A886E}.Debug|ARM.ActiveCfg = Debug|ARM
		{CAF5314E-4494-4AD9-86BD-49E6CD4A886E}.Debug|ARM.Build.0 = Debug|ARM
		{CAF5314E-4494-4AD9-86BD-49E6CD4A886E}.Debug|x64.ActiveCfg = Debug|x64
		{CAF5314E-4494-4AD9-86BD-49E6CD4A886E}.Debug|x64.Build.0 = Debug|x64
		{CAF5314E-4494-4AD9-86BD-49E6CD4A886E}.Debug|x86.ActiveCfg = Debug|x86
		{CAF5314E-4494-4AD9-86BD-49E6CD4A886E}.Debug|x86.Build.0 = Debug|x86
		{CAF5314E-4494-4AD9-86BD-49E6CD4A886E}.Release|Any CPU.ActiveCfg = Release|Any CPU
		{CAF5314E-4494-4AD9-86BD-49E6CD4A886E}.Release|Any CPU.Build.0 = Release|Any CPU
		{CAF5314E-4494-4AD9-86BD-49E6CD4A886E}.Release|ARM.ActiveCfg = Release|ARM
		{CAF5314E-4494-4AD9-86BD-49E6CD4A886E}.Release|ARM.Build.0 = Release|ARM
		{CAF5314E-4494-4AD9-86BD-49E6CD4A886E}.Release|x64.ActiveCfg = Release|x64
		{CAF5314E-4494-4AD9-86BD-49E6CD4A886E}.Release|x64.Build.0 = Release|x64
		{CAF5314E-4494-4AD9-86BD-49E6CD4A886E}.Release|x86.ActiveCfg = Release|x86
		{CAF5314E-4494-4AD9-86BD-49E6CD4A886E}.Release|x86.Build.0 = Release|x86
		{D454B729-8EDC-4E73-8414-7214F3289583}.Debug|Any CPU.ActiveCfg = Debug|Any CPU
		{D454B729-8EDC-4E73-8414-7214F3289583}.Debug|Any CPU.Build.0 = Debug|Any CPU
		{D454B729-8EDC-4E73-8414-7214F3289583}.Debug|ARM.ActiveCfg = Debug|Any CPU
		{D454B729-8EDC-4E73-8414-7214F3289583}.Debug|ARM.Build.0 = Debug|Any CPU
		{D454B729-8EDC-4E73-8414-7214F3289583}.Debug|x64.ActiveCfg = Debug|Any CPU
		{D454B729-8EDC-4E73-8414-7214F3289583}.Debug|x64.Build.0 = Debug|Any CPU
		{D454B729-8EDC-4E73-8414-7214F3289583}.Debug|x86.ActiveCfg = Debug|Any CPU
		{D454B729-8EDC-4E73-8414-7214F3289583}.Debug|x86.Build.0 = Debug|Any CPU
		{D454B729-8EDC-4E73-8414-7214F3289583}.Release|Any CPU.ActiveCfg = Release|Any CPU
		{D454B729-8EDC-4E73-8414-7214F3289583}.Release|Any CPU.Build.0 = Release|Any CPU
		{D454B729-8EDC-4E73-8414-7214F3289583}.Release|ARM.ActiveCfg = Release|Any CPU
		{D454B729-8EDC-4E73-8414-7214F3289583}.Release|ARM.Build.0 = Release|Any CPU
		{D454B729-8EDC-4E73-8414-7214F3289583}.Release|x64.ActiveCfg = Release|Any CPU
		{D454B729-8EDC-4E73-8414-7214F3289583}.Release|x64.Build.0 = Release|Any CPU
		{D454B729-8EDC-4E73-8414-7214F3289583}.Release|x86.ActiveCfg = Release|Any CPU
		{D454B729-8EDC-4E73-8414-7214F3289583}.Release|x86.Build.0 = Release|Any CPU
	EndGlobalSection
	GlobalSection(SolutionProperties) = preSolution
		HideSolutionNode = FALSE
	EndGlobalSection
	GlobalSection(NestedProjects) = preSolution
		{8BE1FC83-8AC2-41F0-BEDF-D4F4F53A1450} = {6FBBABAC-6898-4A2C-9551-D51E5EC8CD7D}
		{65BD20F1-4E5A-4AF4-B2ED-7EE89CB1D26F} = {6FBBABAC-6898-4A2C-9551-D51E5EC8CD7D}
		{C83521F2-84C3-4898-A93F-8F54AA691A2F} = {6FBBABAC-6898-4A2C-9551-D51E5EC8CD7D}
		{CAF5314E-4494-4AD9-86BD-49E6CD4A886E} = {6FBBABAC-6898-4A2C-9551-D51E5EC8CD7D}
		{D454B729-8EDC-4E73-8414-7214F3289583} = {884E54C7-9D88-486B-BF68-9CA65078863F}
	EndGlobalSection
EndGlobal
