
Microsoft Visual Studio Solution File, Format Version 12.00
# Visual Studio 14
VisualStudioVersion = 14.0.22808.1
MinimumVisualStudioVersion = 10.0.40219.1
Project("{2150E333-8FDC-42A3-9474-1A3956D46DE8}") = "PhotoFilter.Win8", "PhotoFilter.Win8", "{551F24E6-5D0B-4C80-985F-7CFD04928161}"
EndProject
Project("{D954291E-2A0B-460D-934E-DC6B0785DB48}") = "PhotoFilter.Shared", "PhotoFilter\PhotoFilter.Shared\PhotoFilter.Shared.shproj", "{D395F465-D0D5-4584-82D7-B1CDED6B0D67}"
EndProject
Project("{FAE04EC0-301F-11D3-BF4B-00C04F79EFBC}") = "PhotoFilter.Windows", "PhotoFilter\PhotoFilter.Windows\PhotoFilter.Windows.csproj", "{40539DCB-F6D3-430B-BDB7-F67CAEDF5BE9}"
EndProject
Project("{FAE04EC0-301F-11D3-BF4B-00C04F79EFBC}") = "PhotoFilter.WindowsPhone", "PhotoFilter\PhotoFilter.WindowsPhone\PhotoFilter.WindowsPhone.csproj", "{2A11D09C-B981-4009-BEE9-DA572ED5092A}"
EndProject
Project("{2150E333-8FDC-42A3-9474-1A3956D46DE8}") = "PhotoFilter.Win7", "PhotoFilter.Win7", "{9DC3168D-DEF0-4446-A6D3-5527260353C7}"
EndProject
Project("{FAE04EC0-301F-11D3-BF4B-00C04F79EFBC}") = "PhotoFilter.WPF", "PhotoFilter.WPF\PhotoFilter.WPF.csproj", "{2228B7AF-7D45-4BE6-8769-662D93192D58}"
EndProject
Project("{8BC9CEB8-8B4A-11D0-8D11-00A0C91BC942}") = "PhotoFilterLib.Win32", "PhotoFilterLib.Win32\PhotoFilterLib.Win32.vcxproj", "{5591BD71-ABBE-4356-A0FC-1DF99129E700}"
EndProject
Project("{8BC9CEB8-8B4A-11D0-8D11-00A0C91BC942}") = "PhotoFilterLib.WinRT", "PhotoFilterLib.WinRT\PhotoFilterLib.WinRT.vcxproj", "{32CED1A3-79EB-4A96-8A33-FFA0833670A7}"
EndProject
Project("{2150E333-8FDC-42A3-9474-1A3956D46DE8}") = "PhotoFilter.Win10", "PhotoFilter.Win10", "{2E5A6F82-CA95-486D-A102-E6A97A11D2D8}"
EndProject
Project("{8BC9CEB8-8B4A-11D0-8D11-00A0C91BC942}") = "PhotoFilterLib.UAP", "PhotoFilterLib.UAP\PhotoFilterLib.UAP.vcxproj", "{45C458B1-6CCF-49B8-9223-D2498E56E070}"
EndProject
Project("{FAE04EC0-301F-11D3-BF4B-00C04F79EFBC}") = "PhotoFilter.Win10", "PhotoFilter.Win10\PhotoFilter.Win10.csproj", "{37EF64D9-68FA-4453-8FBA-7EB85A1EA5B8}"
EndProject
Global
	GlobalSection(SharedMSBuildProjectFiles) = preSolution
		PhotoFilter\PhotoFilter.Shared\PhotoFilter.Shared.projitems*{d395f465-d0d5-4584-82d7-b1cded6b0d67}*SharedItemsImports = 13
		PhotoFilter\PhotoFilter.Shared\PhotoFilter.Shared.projitems*{40539dcb-f6d3-430b-bdb7-f67caedf5be9}*SharedItemsImports = 4
		PhotoFilter\PhotoFilter.Shared\PhotoFilter.Shared.projitems*{2a11d09c-b981-4009-bee9-da572ed5092a}*SharedItemsImports = 4
	EndGlobalSection
	GlobalSection(SolutionConfigurationPlatforms) = preSolution
		Debug Device|Any CPU = Debug Device|Any CPU
		Debug Device|ARM = Debug Device|ARM
		Debug Device|Mixed Platforms = Debug Device|Mixed Platforms
		Debug Device|Win32 = Debug Device|Win32
		Debug Device|x64 = Debug Device|x64
		Debug Device|x86 = Debug Device|x86
		Debug|Any CPU = Debug|Any CPU
		Debug|ARM = Debug|ARM
		Debug|Mixed Platforms = Debug|Mixed Platforms
		Debug|Win32 = Debug|Win32
		Debug|x64 = Debug|x64
		Debug|x86 = Debug|x86
		Release|Any CPU = Release|Any CPU
		Release|ARM = Release|ARM
		Release|Mixed Platforms = Release|Mixed Platforms
		Release|Win32 = Release|Win32
		Release|x64 = Release|x64
		Release|x86 = Release|x86
	EndGlobalSection
	GlobalSection(ProjectConfigurationPlatforms) = postSolution
		{40539DCB-F6D3-430B-BDB7-F67CAEDF5BE9}.Debug Device|Any CPU.ActiveCfg = Debug|Any CPU
		{40539DCB-F6D3-430B-BDB7-F67CAEDF5BE9}.Debug Device|Any CPU.Build.0 = Debug|Any CPU
		{40539DCB-F6D3-430B-BDB7-F67CAEDF5BE9}.Debug Device|Any CPU.Deploy.0 = Debug|Any CPU
		{40539DCB-F6D3-430B-BDB7-F67CAEDF5BE9}.Debug Device|ARM.ActiveCfg = Debug|ARM
		{40539DCB-F6D3-430B-BDB7-F67CAEDF5BE9}.Debug Device|ARM.Build.0 = Debug|ARM
		{40539DCB-F6D3-430B-BDB7-F67CAEDF5BE9}.Debug Device|ARM.Deploy.0 = Debug|ARM
		{40539DCB-F6D3-430B-BDB7-F67CAEDF5BE9}.Debug Device|Mixed Platforms.ActiveCfg = Debug|x86
		{40539DCB-F6D3-430B-BDB7-F67CAEDF5BE9}.Debug Device|Mixed Platforms.Build.0 = Debug|x86
		{40539DCB-F6D3-430B-BDB7-F67CAEDF5BE9}.Debug Device|Mixed Platforms.Deploy.0 = Debug|x86
		{40539DCB-F6D3-430B-BDB7-F67CAEDF5BE9}.Debug Device|Win32.ActiveCfg = Debug|x86
		{40539DCB-F6D3-430B-BDB7-F67CAEDF5BE9}.Debug Device|Win32.Build.0 = Debug|x86
		{40539DCB-F6D3-430B-BDB7-F67CAEDF5BE9}.Debug Device|Win32.Deploy.0 = Debug|x86
		{40539DCB-F6D3-430B-BDB7-F67CAEDF5BE9}.Debug Device|x64.ActiveCfg = Debug|x64
		{40539DCB-F6D3-430B-BDB7-F67CAEDF5BE9}.Debug Device|x64.Build.0 = Debug|x64
		{40539DCB-F6D3-430B-BDB7-F67CAEDF5BE9}.Debug Device|x64.Deploy.0 = Debug|x64
		{40539DCB-F6D3-430B-BDB7-F67CAEDF5BE9}.Debug Device|x86.ActiveCfg = Debug|x86
		{40539DCB-F6D3-430B-BDB7-F67CAEDF5BE9}.Debug Device|x86.Build.0 = Debug|x86
		{40539DCB-F6D3-430B-BDB7-F67CAEDF5BE9}.Debug Device|x86.Deploy.0 = Debug|x86
		{40539DCB-F6D3-430B-BDB7-F67CAEDF5BE9}.Debug|Any CPU.ActiveCfg = Debug|Any CPU
		{40539DCB-F6D3-430B-BDB7-F67CAEDF5BE9}.Debug|Any CPU.Build.0 = Debug|Any CPU
		{40539DCB-F6D3-430B-BDB7-F67CAEDF5BE9}.Debug|Any CPU.Deploy.0 = Debug|Any CPU
		{40539DCB-F6D3-430B-BDB7-F67CAEDF5BE9}.Debug|ARM.ActiveCfg = Debug|ARM
		{40539DCB-F6D3-430B-BDB7-F67CAEDF5BE9}.Debug|ARM.Build.0 = Debug|ARM
		{40539DCB-F6D3-430B-BDB7-F67CAEDF5BE9}.Debug|ARM.Deploy.0 = Debug|ARM
		{40539DCB-F6D3-430B-BDB7-F67CAEDF5BE9}.Debug|Mixed Platforms.ActiveCfg = Debug|x86
		{40539DCB-F6D3-430B-BDB7-F67CAEDF5BE9}.Debug|Mixed Platforms.Build.0 = Debug|x86
		{40539DCB-F6D3-430B-BDB7-F67CAEDF5BE9}.Debug|Mixed Platforms.Deploy.0 = Debug|x86
		{40539DCB-F6D3-430B-BDB7-F67CAEDF5BE9}.Debug|Win32.ActiveCfg = Debug|x86
		{40539DCB-F6D3-430B-BDB7-F67CAEDF5BE9}.Debug|Win32.Build.0 = Debug|x86
		{40539DCB-F6D3-430B-BDB7-F67CAEDF5BE9}.Debug|Win32.Deploy.0 = Debug|x86
		{40539DCB-F6D3-430B-BDB7-F67CAEDF5BE9}.Debug|x64.ActiveCfg = Debug|x64
		{40539DCB-F6D3-430B-BDB7-F67CAEDF5BE9}.Debug|x64.Build.0 = Debug|x64
		{40539DCB-F6D3-430B-BDB7-F67CAEDF5BE9}.Debug|x64.Deploy.0 = Debug|x64
		{40539DCB-F6D3-430B-BDB7-F67CAEDF5BE9}.Debug|x86.ActiveCfg = Debug|x86
		{40539DCB-F6D3-430B-BDB7-F67CAEDF5BE9}.Debug|x86.Build.0 = Debug|x86
		{40539DCB-F6D3-430B-BDB7-F67CAEDF5BE9}.Debug|x86.Deploy.0 = Debug|x86
		{40539DCB-F6D3-430B-BDB7-F67CAEDF5BE9}.Release|Any CPU.ActiveCfg = Release|Any CPU
		{40539DCB-F6D3-430B-BDB7-F67CAEDF5BE9}.Release|Any CPU.Build.0 = Release|Any CPU
		{40539DCB-F6D3-430B-BDB7-F67CAEDF5BE9}.Release|Any CPU.Deploy.0 = Release|Any CPU
		{40539DCB-F6D3-430B-BDB7-F67CAEDF5BE9}.Release|ARM.ActiveCfg = Release|ARM
		{40539DCB-F6D3-430B-BDB7-F67CAEDF5BE9}.Release|ARM.Build.0 = Release|ARM
		{40539DCB-F6D3-430B-BDB7-F67CAEDF5BE9}.Release|ARM.Deploy.0 = Release|ARM
		{40539DCB-F6D3-430B-BDB7-F67CAEDF5BE9}.Release|Mixed Platforms.ActiveCfg = Release|x86
		{40539DCB-F6D3-430B-BDB7-F67CAEDF5BE9}.Release|Mixed Platforms.Build.0 = Release|x86
		{40539DCB-F6D3-430B-BDB7-F67CAEDF5BE9}.Release|Mixed Platforms.Deploy.0 = Release|x86
		{40539DCB-F6D3-430B-BDB7-F67CAEDF5BE9}.Release|Win32.ActiveCfg = Release|x86
		{40539DCB-F6D3-430B-BDB7-F67CAEDF5BE9}.Release|Win32.Build.0 = Release|x86
		{40539DCB-F6D3-430B-BDB7-F67CAEDF5BE9}.Release|Win32.Deploy.0 = Release|x86
		{40539DCB-F6D3-430B-BDB7-F67CAEDF5BE9}.Release|x64.ActiveCfg = Release|x64
		{40539DCB-F6D3-430B-BDB7-F67CAEDF5BE9}.Release|x64.Build.0 = Release|x64
		{40539DCB-F6D3-430B-BDB7-F67CAEDF5BE9}.Release|x64.Deploy.0 = Release|x64
		{40539DCB-F6D3-430B-BDB7-F67CAEDF5BE9}.Release|x86.ActiveCfg = Release|x86
		{40539DCB-F6D3-430B-BDB7-F67CAEDF5BE9}.Release|x86.Build.0 = Release|x86
		{40539DCB-F6D3-430B-BDB7-F67CAEDF5BE9}.Release|x86.Deploy.0 = Release|x86
		{2A11D09C-B981-4009-BEE9-DA572ED5092A}.Debug Device|Any CPU.ActiveCfg = Debug|Any CPU
		{2A11D09C-B981-4009-BEE9-DA572ED5092A}.Debug Device|Any CPU.Build.0 = Debug|Any CPU
		{2A11D09C-B981-4009-BEE9-DA572ED5092A}.Debug Device|Any CPU.Deploy.0 = Debug|Any CPU
		{2A11D09C-B981-4009-BEE9-DA572ED5092A}.Debug Device|ARM.ActiveCfg = Debug|ARM
		{2A11D09C-B981-4009-BEE9-DA572ED5092A}.Debug Device|ARM.Build.0 = Debug|ARM
		{2A11D09C-B981-4009-BEE9-DA572ED5092A}.Debug Device|ARM.Deploy.0 = Debug|ARM
		{2A11D09C-B981-4009-BEE9-DA572ED5092A}.Debug Device|Mixed Platforms.ActiveCfg = Debug|x86
		{2A11D09C-B981-4009-BEE9-DA572ED5092A}.Debug Device|Mixed Platforms.Build.0 = Debug|x86
		{2A11D09C-B981-4009-BEE9-DA572ED5092A}.Debug Device|Mixed Platforms.Deploy.0 = Debug|x86
		{2A11D09C-B981-4009-BEE9-DA572ED5092A}.Debug Device|Win32.ActiveCfg = Debug|x86
		{2A11D09C-B981-4009-BEE9-DA572ED5092A}.Debug Device|Win32.Build.0 = Debug|x86
		{2A11D09C-B981-4009-BEE9-DA572ED5092A}.Debug Device|Win32.Deploy.0 = Debug|x86
		{2A11D09C-B981-4009-BEE9-DA572ED5092A}.Debug Device|x64.ActiveCfg = Debug|Any CPU
		{2A11D09C-B981-4009-BEE9-DA572ED5092A}.Debug Device|x64.Build.0 = Debug|Any CPU
		{2A11D09C-B981-4009-BEE9-DA572ED5092A}.Debug Device|x64.Deploy.0 = Debug|Any CPU
		{2A11D09C-B981-4009-BEE9-DA572ED5092A}.Debug Device|x86.ActiveCfg = Debug|x86
		{2A11D09C-B981-4009-BEE9-DA572ED5092A}.Debug Device|x86.Build.0 = Debug|x86
		{2A11D09C-B981-4009-BEE9-DA572ED5092A}.Debug Device|x86.Deploy.0 = Debug|x86
		{2A11D09C-B981-4009-BEE9-DA572ED5092A}.Debug|Any CPU.ActiveCfg = Debug|Any CPU
		{2A11D09C-B981-4009-BEE9-DA572ED5092A}.Debug|Any CPU.Build.0 = Debug|Any CPU
		{2A11D09C-B981-4009-BEE9-DA572ED5092A}.Debug|Any CPU.Deploy.0 = Debug|Any CPU
		{2A11D09C-B981-4009-BEE9-DA572ED5092A}.Debug|ARM.ActiveCfg = Debug|ARM
		{2A11D09C-B981-4009-BEE9-DA572ED5092A}.Debug|ARM.Build.0 = Debug|ARM
		{2A11D09C-B981-4009-BEE9-DA572ED5092A}.Debug|ARM.Deploy.0 = Debug|ARM
		{2A11D09C-B981-4009-BEE9-DA572ED5092A}.Debug|Mixed Platforms.ActiveCfg = Debug|x86
		{2A11D09C-B981-4009-BEE9-DA572ED5092A}.Debug|Mixed Platforms.Build.0 = Debug|x86
		{2A11D09C-B981-4009-BEE9-DA572ED5092A}.Debug|Mixed Platforms.Deploy.0 = Debug|x86
		{2A11D09C-B981-4009-BEE9-DA572ED5092A}.Debug|Win32.ActiveCfg = Debug|x86
		{2A11D09C-B981-4009-BEE9-DA572ED5092A}.Debug|Win32.Build.0 = Debug|x86
		{2A11D09C-B981-4009-BEE9-DA572ED5092A}.Debug|Win32.Deploy.0 = Debug|x86
		{2A11D09C-B981-4009-BEE9-DA572ED5092A}.Debug|x64.ActiveCfg = Debug|Any CPU
		{2A11D09C-B981-4009-BEE9-DA572ED5092A}.Debug|x86.ActiveCfg = Debug|x86
		{2A11D09C-B981-4009-BEE9-DA572ED5092A}.Debug|x86.Build.0 = Debug|x86
		{2A11D09C-B981-4009-BEE9-DA572ED5092A}.Debug|x86.Deploy.0 = Debug|x86
		{2A11D09C-B981-4009-BEE9-DA572ED5092A}.Release|Any CPU.ActiveCfg = Release|Any CPU
		{2A11D09C-B981-4009-BEE9-DA572ED5092A}.Release|Any CPU.Build.0 = Release|Any CPU
		{2A11D09C-B981-4009-BEE9-DA572ED5092A}.Release|Any CPU.Deploy.0 = Release|Any CPU
		{2A11D09C-B981-4009-BEE9-DA572ED5092A}.Release|ARM.ActiveCfg = Release|ARM
		{2A11D09C-B981-4009-BEE9-DA572ED5092A}.Release|ARM.Build.0 = Release|ARM
		{2A11D09C-B981-4009-BEE9-DA572ED5092A}.Release|ARM.Deploy.0 = Release|ARM
		{2A11D09C-B981-4009-BEE9-DA572ED5092A}.Release|Mixed Platforms.ActiveCfg = Release|x86
		{2A11D09C-B981-4009-BEE9-DA572ED5092A}.Release|Mixed Platforms.Build.0 = Release|x86
		{2A11D09C-B981-4009-BEE9-DA572ED5092A}.Release|Mixed Platforms.Deploy.0 = Release|x86
		{2A11D09C-B981-4009-BEE9-DA572ED5092A}.Release|Win32.ActiveCfg = Release|x86
		{2A11D09C-B981-4009-BEE9-DA572ED5092A}.Release|Win32.Build.0 = Release|x86
		{2A11D09C-B981-4009-BEE9-DA572ED5092A}.Release|Win32.Deploy.0 = Release|x86
		{2A11D09C-B981-4009-BEE9-DA572ED5092A}.Release|x64.ActiveCfg = Release|Any CPU
		{2A11D09C-B981-4009-BEE9-DA572ED5092A}.Release|x86.ActiveCfg = Release|x86
		{2A11D09C-B981-4009-BEE9-DA572ED5092A}.Release|x86.Build.0 = Release|x86
		{2A11D09C-B981-4009-BEE9-DA572ED5092A}.Release|x86.Deploy.0 = Release|x86
		{2228B7AF-7D45-4BE6-8769-662D93192D58}.Debug Device|Any CPU.ActiveCfg = Debug|Any CPU
		{2228B7AF-7D45-4BE6-8769-662D93192D58}.Debug Device|Any CPU.Build.0 = Debug|Any CPU
		{2228B7AF-7D45-4BE6-8769-662D93192D58}.Debug Device|ARM.ActiveCfg = Debug|Any CPU
		{2228B7AF-7D45-4BE6-8769-662D93192D58}.Debug Device|ARM.Build.0 = Debug|Any CPU
		{2228B7AF-7D45-4BE6-8769-662D93192D58}.Debug Device|Mixed Platforms.ActiveCfg = Debug|x86
		{2228B7AF-7D45-4BE6-8769-662D93192D58}.Debug Device|Mixed Platforms.Build.0 = Debug|x86
		{2228B7AF-7D45-4BE6-8769-662D93192D58}.Debug Device|Win32.ActiveCfg = Debug|x86
		{2228B7AF-7D45-4BE6-8769-662D93192D58}.Debug Device|Win32.Build.0 = Debug|x86
		{2228B7AF-7D45-4BE6-8769-662D93192D58}.Debug Device|x64.ActiveCfg = Debug|Any CPU
		{2228B7AF-7D45-4BE6-8769-662D93192D58}.Debug Device|x64.Build.0 = Debug|Any CPU
		{2228B7AF-7D45-4BE6-8769-662D93192D58}.Debug Device|x86.ActiveCfg = Debug|x86
		{2228B7AF-7D45-4BE6-8769-662D93192D58}.Debug Device|x86.Build.0 = Debug|x86
		{2228B7AF-7D45-4BE6-8769-662D93192D58}.Debug|Any CPU.ActiveCfg = Debug|Any CPU
		{2228B7AF-7D45-4BE6-8769-662D93192D58}.Debug|Any CPU.Build.0 = Debug|Any CPU
		{2228B7AF-7D45-4BE6-8769-662D93192D58}.Debug|ARM.ActiveCfg = Debug|Any CPU
		{2228B7AF-7D45-4BE6-8769-662D93192D58}.Debug|Mixed Platforms.ActiveCfg = Debug|x86
		{2228B7AF-7D45-4BE6-8769-662D93192D58}.Debug|Mixed Platforms.Build.0 = Debug|x86
		{2228B7AF-7D45-4BE6-8769-662D93192D58}.Debug|Win32.ActiveCfg = Debug|x86
		{2228B7AF-7D45-4BE6-8769-662D93192D58}.Debug|Win32.Build.0 = Debug|x86
		{2228B7AF-7D45-4BE6-8769-662D93192D58}.Debug|x64.ActiveCfg = Debug|Any CPU
		{2228B7AF-7D45-4BE6-8769-662D93192D58}.Debug|x86.ActiveCfg = Debug|x86
		{2228B7AF-7D45-4BE6-8769-662D93192D58}.Debug|x86.Build.0 = Debug|x86
		{2228B7AF-7D45-4BE6-8769-662D93192D58}.Release|Any CPU.ActiveCfg = Release|Any CPU
		{2228B7AF-7D45-4BE6-8769-662D93192D58}.Release|Any CPU.Build.0 = Release|Any CPU
		{2228B7AF-7D45-4BE6-8769-662D93192D58}.Release|ARM.ActiveCfg = Release|Any CPU
		{2228B7AF-7D45-4BE6-8769-662D93192D58}.Release|Mixed Platforms.ActiveCfg = Release|x86
		{2228B7AF-7D45-4BE6-8769-662D93192D58}.Release|Mixed Platforms.Build.0 = Release|x86
		{2228B7AF-7D45-4BE6-8769-662D93192D58}.Release|Win32.ActiveCfg = Release|x86
		{2228B7AF-7D45-4BE6-8769-662D93192D58}.Release|Win32.Build.0 = Release|x86
		{2228B7AF-7D45-4BE6-8769-662D93192D58}.Release|x64.ActiveCfg = Release|Any CPU
		{2228B7AF-7D45-4BE6-8769-662D93192D58}.Release|x86.ActiveCfg = Release|x86
		{2228B7AF-7D45-4BE6-8769-662D93192D58}.Release|x86.Build.0 = Release|x86
		{5591BD71-ABBE-4356-A0FC-1DF99129E700}.Debug Device|Any CPU.ActiveCfg = Release|Win32
		{5591BD71-ABBE-4356-A0FC-1DF99129E700}.Debug Device|Any CPU.Build.0 = Release|Win32
		{5591BD71-ABBE-4356-A0FC-1DF99129E700}.Debug Device|ARM.ActiveCfg = Release|Win32
		{5591BD71-ABBE-4356-A0FC-1DF99129E700}.Debug Device|ARM.Build.0 = Release|Win32
		{5591BD71-ABBE-4356-A0FC-1DF99129E700}.Debug Device|Mixed Platforms.ActiveCfg = Debug|Win32
		{5591BD71-ABBE-4356-A0FC-1DF99129E700}.Debug Device|Mixed Platforms.Build.0 = Debug|Win32
		{5591BD71-ABBE-4356-A0FC-1DF99129E700}.Debug Device|Win32.ActiveCfg = Debug|Win32
		{5591BD71-ABBE-4356-A0FC-1DF99129E700}.Debug Device|Win32.Build.0 = Debug|Win32
		{5591BD71-ABBE-4356-A0FC-1DF99129E700}.Debug Device|x64.ActiveCfg = Release|Win32
		{5591BD71-ABBE-4356-A0FC-1DF99129E700}.Debug Device|x64.Build.0 = Release|Win32
		{5591BD71-ABBE-4356-A0FC-1DF99129E700}.Debug Device|x86.ActiveCfg = Debug|Win32
		{5591BD71-ABBE-4356-A0FC-1DF99129E700}.Debug Device|x86.Build.0 = Debug|Win32
		{5591BD71-ABBE-4356-A0FC-1DF99129E700}.Debug|Any CPU.ActiveCfg = Debug|Win32
		{5591BD71-ABBE-4356-A0FC-1DF99129E700}.Debug|ARM.ActiveCfg = Debug|Win32
		{5591BD71-ABBE-4356-A0FC-1DF99129E700}.Debug|Mixed Platforms.ActiveCfg = Debug|Win32
		{5591BD71-ABBE-4356-A0FC-1DF99129E700}.Debug|Mixed Platforms.Build.0 = Debug|Win32
		{5591BD71-ABBE-4356-A0FC-1DF99129E700}.Debug|Win32.ActiveCfg = Debug|Win32
		{5591BD71-ABBE-4356-A0FC-1DF99129E700}.Debug|Win32.Build.0 = Debug|Win32
		{5591BD71-ABBE-4356-A0FC-1DF99129E700}.Debug|x64.ActiveCfg = Debug|Win32
		{5591BD71-ABBE-4356-A0FC-1DF99129E700}.Debug|x86.ActiveCfg = Debug|Win32
		{5591BD71-ABBE-4356-A0FC-1DF99129E700}.Debug|x86.Build.0 = Debug|Win32
		{5591BD71-ABBE-4356-A0FC-1DF99129E700}.Release|Any CPU.ActiveCfg = Release|Win32
		{5591BD71-ABBE-4356-A0FC-1DF99129E700}.Release|ARM.ActiveCfg = Release|Win32
		{5591BD71-ABBE-4356-A0FC-1DF99129E700}.Release|Mixed Platforms.ActiveCfg = Release|Win32
		{5591BD71-ABBE-4356-A0FC-1DF99129E700}.Release|Mixed Platforms.Build.0 = Release|Win32
		{5591BD71-ABBE-4356-A0FC-1DF99129E700}.Release|Win32.ActiveCfg = Release|Win32
		{5591BD71-ABBE-4356-A0FC-1DF99129E700}.Release|Win32.Build.0 = Release|Win32
		{5591BD71-ABBE-4356-A0FC-1DF99129E700}.Release|x64.ActiveCfg = Release|Win32
		{5591BD71-ABBE-4356-A0FC-1DF99129E700}.Release|x86.ActiveCfg = Release|Win32
		{5591BD71-ABBE-4356-A0FC-1DF99129E700}.Release|x86.Build.0 = Release|Win32
		{32CED1A3-79EB-4A96-8A33-FFA0833670A7}.Debug Device|Any CPU.ActiveCfg = Release|x64
		{32CED1A3-79EB-4A96-8A33-FFA0833670A7}.Debug Device|Any CPU.Build.0 = Release|x64
		{32CED1A3-79EB-4A96-8A33-FFA0833670A7}.Debug Device|ARM.ActiveCfg = Debug|ARM
		{32CED1A3-79EB-4A96-8A33-FFA0833670A7}.Debug Device|ARM.Build.0 = Debug|ARM
		{32CED1A3-79EB-4A96-8A33-FFA0833670A7}.Debug Device|Mixed Platforms.ActiveCfg = Debug|Win32
		{32CED1A3-79EB-4A96-8A33-FFA0833670A7}.Debug Device|Mixed Platforms.Build.0 = Debug|Win32
		{32CED1A3-79EB-4A96-8A33-FFA0833670A7}.Debug Device|Win32.ActiveCfg = Debug|Win32
		{32CED1A3-79EB-4A96-8A33-FFA0833670A7}.Debug Device|Win32.Build.0 = Debug|Win32
		{32CED1A3-79EB-4A96-8A33-FFA0833670A7}.Debug Device|x64.ActiveCfg = Debug|x64
		{32CED1A3-79EB-4A96-8A33-FFA0833670A7}.Debug Device|x64.Build.0 = Debug|x64
		{32CED1A3-79EB-4A96-8A33-FFA0833670A7}.Debug Device|x86.ActiveCfg = Debug|Win32
		{32CED1A3-79EB-4A96-8A33-FFA0833670A7}.Debug Device|x86.Build.0 = Debug|Win32
		{32CED1A3-79EB-4A96-8A33-FFA0833670A7}.Debug|Any CPU.ActiveCfg = Debug|Win32
		{32CED1A3-79EB-4A96-8A33-FFA0833670A7}.Debug|ARM.ActiveCfg = Debug|ARM
		{32CED1A3-79EB-4A96-8A33-FFA0833670A7}.Debug|ARM.Build.0 = Debug|ARM
		{32CED1A3-79EB-4A96-8A33-FFA0833670A7}.Debug|Mixed Platforms.ActiveCfg = Debug|Win32
		{32CED1A3-79EB-4A96-8A33-FFA0833670A7}.Debug|Mixed Platforms.Build.0 = Debug|Win32
		{32CED1A3-79EB-4A96-8A33-FFA0833670A7}.Debug|Win32.ActiveCfg = Debug|Win32
		{32CED1A3-79EB-4A96-8A33-FFA0833670A7}.Debug|Win32.Build.0 = Debug|Win32
		{32CED1A3-79EB-4A96-8A33-FFA0833670A7}.Debug|x64.ActiveCfg = Debug|x64
		{32CED1A3-79EB-4A96-8A33-FFA0833670A7}.Debug|x64.Build.0 = Debug|x64
		{32CED1A3-79EB-4A96-8A33-FFA0833670A7}.Debug|x86.ActiveCfg = Debug|Win32
		{32CED1A3-79EB-4A96-8A33-FFA0833670A7}.Debug|x86.Build.0 = Debug|Win32
		{32CED1A3-79EB-4A96-8A33-FFA0833670A7}.Release|Any CPU.ActiveCfg = Release|Win32
		{32CED1A3-79EB-4A96-8A33-FFA0833670A7}.Release|ARM.ActiveCfg = Release|ARM
		{32CED1A3-79EB-4A96-8A33-FFA0833670A7}.Release|ARM.Build.0 = Release|ARM
		{32CED1A3-79EB-4A96-8A33-FFA0833670A7}.Release|Mixed Platforms.ActiveCfg = Release|Win32
		{32CED1A3-79EB-4A96-8A33-FFA0833670A7}.Release|Mixed Platforms.Build.0 = Release|Win32
		{32CED1A3-79EB-4A96-8A33-FFA0833670A7}.Release|Win32.ActiveCfg = Release|Win32
		{32CED1A3-79EB-4A96-8A33-FFA0833670A7}.Release|Win32.Build.0 = Release|Win32
		{32CED1A3-79EB-4A96-8A33-FFA0833670A7}.Release|x64.ActiveCfg = Release|x64
		{32CED1A3-79EB-4A96-8A33-FFA0833670A7}.Release|x64.Build.0 = Release|x64
		{32CED1A3-79EB-4A96-8A33-FFA0833670A7}.Release|x86.ActiveCfg = Release|Win32
		{32CED1A3-79EB-4A96-8A33-FFA0833670A7}.Release|x86.Build.0 = Release|Win32
		{45C458B1-6CCF-49B8-9223-D2498E56E070}.Debug Device|Any CPU.ActiveCfg = Release|x64
		{45C458B1-6CCF-49B8-9223-D2498E56E070}.Debug Device|Any CPU.Build.0 = Release|x64
		{45C458B1-6CCF-49B8-9223-D2498E56E070}.Debug Device|ARM.ActiveCfg = Debug|ARM
		{45C458B1-6CCF-49B8-9223-D2498E56E070}.Debug Device|ARM.Build.0 = Debug|ARM
		{45C458B1-6CCF-49B8-9223-D2498E56E070}.Debug Device|Mixed Platforms.ActiveCfg = Debug|Win32
		{45C458B1-6CCF-49B8-9223-D2498E56E070}.Debug Device|Mixed Platforms.Build.0 = Debug|Win32
		{45C458B1-6CCF-49B8-9223-D2498E56E070}.Debug Device|Win32.ActiveCfg = Debug|Win32
		{45C458B1-6CCF-49B8-9223-D2498E56E070}.Debug Device|Win32.Build.0 = Debug|Win32
		{45C458B1-6CCF-49B8-9223-D2498E56E070}.Debug Device|x64.ActiveCfg = Debug|x64
		{45C458B1-6CCF-49B8-9223-D2498E56E070}.Debug Device|x64.Build.0 = Debug|x64
		{45C458B1-6CCF-49B8-9223-D2498E56E070}.Debug Device|x86.ActiveCfg = Debug|Win32
		{45C458B1-6CCF-49B8-9223-D2498E56E070}.Debug Device|x86.Build.0 = Debug|Win32
		{45C458B1-6CCF-49B8-9223-D2498E56E070}.Debug|Any CPU.ActiveCfg = Debug|Win32
		{45C458B1-6CCF-49B8-9223-D2498E56E070}.Debug|ARM.ActiveCfg = Debug|ARM
		{45C458B1-6CCF-49B8-9223-D2498E56E070}.Debug|ARM.Build.0 = Debug|ARM
		{45C458B1-6CCF-49B8-9223-D2498E56E070}.Debug|Mixed Platforms.ActiveCfg = Debug|Win32
		{45C458B1-6CCF-49B8-9223-D2498E56E070}.Debug|Mixed Platforms.Build.0 = Debug|Win32
		{45C458B1-6CCF-49B8-9223-D2498E56E070}.Debug|Win32.ActiveCfg = Debug|Win32
		{45C458B1-6CCF-49B8-9223-D2498E56E070}.Debug|Win32.Build.0 = Debug|Win32
		{45C458B1-6CCF-49B8-9223-D2498E56E070}.Debug|x64.ActiveCfg = Debug|x64
		{45C458B1-6CCF-49B8-9223-D2498E56E070}.Debug|x64.Build.0 = Debug|x64
		{45C458B1-6CCF-49B8-9223-D2498E56E070}.Debug|x86.ActiveCfg = Debug|Win32
		{45C458B1-6CCF-49B8-9223-D2498E56E070}.Debug|x86.Build.0 = Debug|Win32
		{45C458B1-6CCF-49B8-9223-D2498E56E070}.Release|Any CPU.ActiveCfg = Release|Win32
		{45C458B1-6CCF-49B8-9223-D2498E56E070}.Release|ARM.ActiveCfg = Release|ARM
		{45C458B1-6CCF-49B8-9223-D2498E56E070}.Release|ARM.Build.0 = Release|ARM
		{45C458B1-6CCF-49B8-9223-D2498E56E070}.Release|Mixed Platforms.ActiveCfg = Release|Win32
		{45C458B1-6CCF-49B8-9223-D2498E56E070}.Release|Mixed Platforms.Build.0 = Release|Win32
		{45C458B1-6CCF-49B8-9223-D2498E56E070}.Release|Win32.ActiveCfg = Release|Win32
		{45C458B1-6CCF-49B8-9223-D2498E56E070}.Release|Win32.Build.0 = Release|Win32
		{45C458B1-6CCF-49B8-9223-D2498E56E070}.Release|x64.ActiveCfg = Release|x64
		{45C458B1-6CCF-49B8-9223-D2498E56E070}.Release|x64.Build.0 = Release|x64
		{45C458B1-6CCF-49B8-9223-D2498E56E070}.Release|x86.ActiveCfg = Release|Win32
		{45C458B1-6CCF-49B8-9223-D2498E56E070}.Release|x86.Build.0 = Release|Win32
		{37EF64D9-68FA-4453-8FBA-7EB85A1EA5B8}.Debug Device|Any CPU.ActiveCfg = Debug|Any CPU
		{37EF64D9-68FA-4453-8FBA-7EB85A1EA5B8}.Debug Device|Any CPU.Build.0 = Debug|Any CPU
		{37EF64D9-68FA-4453-8FBA-7EB85A1EA5B8}.Debug Device|Any CPU.Deploy.0 = Debug|Any CPU
		{37EF64D9-68FA-4453-8FBA-7EB85A1EA5B8}.Debug Device|ARM.ActiveCfg = Debug|ARM
		{37EF64D9-68FA-4453-8FBA-7EB85A1EA5B8}.Debug Device|ARM.Build.0 = Debug|ARM
		{37EF64D9-68FA-4453-8FBA-7EB85A1EA5B8}.Debug Device|ARM.Deploy.0 = Debug|ARM
		{37EF64D9-68FA-4453-8FBA-7EB85A1EA5B8}.Debug Device|Mixed Platforms.ActiveCfg = Debug|x86
		{37EF64D9-68FA-4453-8FBA-7EB85A1EA5B8}.Debug Device|Mixed Platforms.Build.0 = Debug|x86
		{37EF64D9-68FA-4453-8FBA-7EB85A1EA5B8}.Debug Device|Mixed Platforms.Deploy.0 = Debug|x86
		{37EF64D9-68FA-4453-8FBA-7EB85A1EA5B8}.Debug Device|Win32.ActiveCfg = Debug|x86
		{37EF64D9-68FA-4453-8FBA-7EB85A1EA5B8}.Debug Device|Win32.Build.0 = Debug|x86
		{37EF64D9-68FA-4453-8FBA-7EB85A1EA5B8}.Debug Device|Win32.Deploy.0 = Debug|x86
		{37EF64D9-68FA-4453-8FBA-7EB85A1EA5B8}.Debug Device|x64.ActiveCfg = Debug|x64
		{37EF64D9-68FA-4453-8FBA-7EB85A1EA5B8}.Debug Device|x64.Build.0 = Debug|x64
		{37EF64D9-68FA-4453-8FBA-7EB85A1EA5B8}.Debug Device|x64.Deploy.0 = Debug|x64
		{37EF64D9-68FA-4453-8FBA-7EB85A1EA5B8}.Debug Device|x86.ActiveCfg = Debug|x86
		{37EF64D9-68FA-4453-8FBA-7EB85A1EA5B8}.Debug Device|x86.Build.0 = Debug|x86
		{37EF64D9-68FA-4453-8FBA-7EB85A1EA5B8}.Debug Device|x86.Deploy.0 = Debug|x86
		{37EF64D9-68FA-4453-8FBA-7EB85A1EA5B8}.Debug|Any CPU.ActiveCfg = Debug|Any CPU
		{37EF64D9-68FA-4453-8FBA-7EB85A1EA5B8}.Debug|Any CPU.Build.0 = Debug|Any CPU
		{37EF64D9-68FA-4453-8FBA-7EB85A1EA5B8}.Debug|Any CPU.Deploy.0 = Debug|Any CPU
		{37EF64D9-68FA-4453-8FBA-7EB85A1EA5B8}.Debug|ARM.ActiveCfg = Debug|ARM
		{37EF64D9-68FA-4453-8FBA-7EB85A1EA5B8}.Debug|ARM.Build.0 = Debug|ARM
		{37EF64D9-68FA-4453-8FBA-7EB85A1EA5B8}.Debug|ARM.Deploy.0 = Debug|ARM
		{37EF64D9-68FA-4453-8FBA-7EB85A1EA5B8}.Debug|Mixed Platforms.ActiveCfg = Debug|x86
		{37EF64D9-68FA-4453-8FBA-7EB85A1EA5B8}.Debug|Mixed Platforms.Build.0 = Debug|x86
		{37EF64D9-68FA-4453-8FBA-7EB85A1EA5B8}.Debug|Mixed Platforms.Deploy.0 = Debug|x86
		{37EF64D9-68FA-4453-8FBA-7EB85A1EA5B8}.Debug|Win32.ActiveCfg = Debug|x86
		{37EF64D9-68FA-4453-8FBA-7EB85A1EA5B8}.Debug|Win32.Build.0 = Debug|x86
		{37EF64D9-68FA-4453-8FBA-7EB85A1EA5B8}.Debug|Win32.Deploy.0 = Debug|x86
		{37EF64D9-68FA-4453-8FBA-7EB85A1EA5B8}.Debug|x64.ActiveCfg = Debug|x64
		{37EF64D9-68FA-4453-8FBA-7EB85A1EA5B8}.Debug|x64.Build.0 = Debug|x64
		{37EF64D9-68FA-4453-8FBA-7EB85A1EA5B8}.Debug|x64.Deploy.0 = Debug|x64
		{37EF64D9-68FA-4453-8FBA-7EB85A1EA5B8}.Debug|x86.ActiveCfg = Debug|x86
		{37EF64D9-68FA-4453-8FBA-7EB85A1EA5B8}.Debug|x86.Build.0 = Debug|x86
		{37EF64D9-68FA-4453-8FBA-7EB85A1EA5B8}.Debug|x86.Deploy.0 = Debug|x86
		{37EF64D9-68FA-4453-8FBA-7EB85A1EA5B8}.Release|Any CPU.ActiveCfg = Release|Any CPU
		{37EF64D9-68FA-4453-8FBA-7EB85A1EA5B8}.Release|Any CPU.Build.0 = Release|Any CPU
		{37EF64D9-68FA-4453-8FBA-7EB85A1EA5B8}.Release|Any CPU.Deploy.0 = Release|Any CPU
		{37EF64D9-68FA-4453-8FBA-7EB85A1EA5B8}.Release|ARM.ActiveCfg = Release|ARM
		{37EF64D9-68FA-4453-8FBA-7EB85A1EA5B8}.Release|ARM.Build.0 = Release|ARM
		{37EF64D9-68FA-4453-8FBA-7EB85A1EA5B8}.Release|ARM.Deploy.0 = Release|ARM
		{37EF64D9-68FA-4453-8FBA-7EB85A1EA5B8}.Release|Mixed Platforms.ActiveCfg = Release|x86
		{37EF64D9-68FA-4453-8FBA-7EB85A1EA5B8}.Release|Mixed Platforms.Build.0 = Release|x86
		{37EF64D9-68FA-4453-8FBA-7EB85A1EA5B8}.Release|Mixed Platforms.Deploy.0 = Release|x86
		{37EF64D9-68FA-4453-8FBA-7EB85A1EA5B8}.Release|Win32.ActiveCfg = Release|x86
		{37EF64D9-68FA-4453-8FBA-7EB85A1EA5B8}.Release|Win32.Build.0 = Release|x86
		{37EF64D9-68FA-4453-8FBA-7EB85A1EA5B8}.Release|Win32.Deploy.0 = Release|x86
		{37EF64D9-68FA-4453-8FBA-7EB85A1EA5B8}.Release|x64.ActiveCfg = Release|x64
		{37EF64D9-68FA-4453-8FBA-7EB85A1EA5B8}.Release|x64.Build.0 = Release|x64
		{37EF64D9-68FA-4453-8FBA-7EB85A1EA5B8}.Release|x64.Deploy.0 = Release|x64
		{37EF64D9-68FA-4453-8FBA-7EB85A1EA5B8}.Release|x86.ActiveCfg = Release|x86
		{37EF64D9-68FA-4453-8FBA-7EB85A1EA5B8}.Release|x86.Build.0 = Release|x86
		{37EF64D9-68FA-4453-8FBA-7EB85A1EA5B8}.Release|x86.Deploy.0 = Release|x86
	EndGlobalSection
	GlobalSection(SolutionProperties) = preSolution
		HideSolutionNode = FALSE
	EndGlobalSection
	GlobalSection(NestedProjects) = preSolution
		{D395F465-D0D5-4584-82D7-B1CDED6B0D67} = {551F24E6-5D0B-4C80-985F-7CFD04928161}
		{40539DCB-F6D3-430B-BDB7-F67CAEDF5BE9} = {551F24E6-5D0B-4C80-985F-7CFD04928161}
		{2A11D09C-B981-4009-BEE9-DA572ED5092A} = {551F24E6-5D0B-4C80-985F-7CFD04928161}
		{2228B7AF-7D45-4BE6-8769-662D93192D58} = {9DC3168D-DEF0-4446-A6D3-5527260353C7}
		{5591BD71-ABBE-4356-A0FC-1DF99129E700} = {9DC3168D-DEF0-4446-A6D3-5527260353C7}
		{32CED1A3-79EB-4A96-8A33-FFA0833670A7} = {551F24E6-5D0B-4C80-985F-7CFD04928161}
		{45C458B1-6CCF-49B8-9223-D2498E56E070} = {2E5A6F82-CA95-486D-A102-E6A97A11D2D8}
		{37EF64D9-68FA-4453-8FBA-7EB85A1EA5B8} = {2E5A6F82-CA95-486D-A102-E6A97A11D2D8}
	EndGlobalSection
EndGlobal
